
Microsoft Visual Studio Solution File, Format Version 12.00
# Visual Studio Version 17
VisualStudioVersion = 17.13.35913.81 d17.13
MinimumVisualStudioVersion = 10.0.40219.1
Project("{FAE04EC0-301F-11D3-BF4B-00C04F79EFBC}") = "QuanLyKhachSan", "QuanLyKhachSan\QuanLyKhachSan.csproj", "{93D01616-285D-4146-95C8-62975765C92E}"
EndProject
Global
	GlobalSection(SolutionConfigurationPlatforms) = preSolution
		Debug|Any CPU = Debug|Any CPU
		Release|Any CPU = Release|Any CPU
	EndGlobalSection
	GlobalSection(ProjectConfigurationPlatforms) = postSolution
		{93D01616-285D-4146-95C8-62975765C92E}.Debug|Any CPU.ActiveCfg = Debug|Any CPU
		{93D01616-285D-4146-95C8-62975765C92E}.Debug|Any CPU.Build.0 = Debug|Any CPU
		{93D01616-285D-4146-95C8-62975765C92E}.Release|Any CPU.ActiveCfg = Release|Any CPU
		{93D01616-285D-4146-95C8-62975765C92E}.Release|Any CPU.Build.0 = Release|Any CPU
	EndGlobalSection
	GlobalSection(SolutionProperties) = preSolution
		HideSolutionNode = FALSE
	EndGlobalSection
	GlobalSection(ExtensibilityGlobals) = postSolution
		SolutionGuid = {5F23F7D6-D6BF-4145-BA80-94760C09BBAD}
	EndGlobalSection
EndGlobal
